
Microsoft Visual Studio Solution File, Format Version 12.00
# Visual Studio 15
VisualStudioVersion = 15.0.27703.2035
MinimumVisualStudioVersion = 10.0.40219.1
Project("{FAE04EC0-301F-11D3-BF4B-00C04F79EFBC}") = "OSPMenager", "OSPMenager\OSPMenager.csproj", "{9A7DE6B2-8C4A-4047-A657-19B4E970D097}"
EndProject
Global
	GlobalSection(SolutionConfigurationPlatforms) = preSolution
		Debug|Any CPU = Debug|Any CPU
		Release|Any CPU = Release|Any CPU
	EndGlobalSection
	GlobalSection(ProjectConfigurationPlatforms) = postSolution
		{9A7DE6B2-8C4A-4047-A657-19B4E970D097}.Debug|Any CPU.ActiveCfg = Debug|Any CPU
		{9A7DE6B2-8C4A-4047-A657-19B4E970D097}.Debug|Any CPU.Build.0 = Debug|Any CPU
		{9A7DE6B2-8C4A-4047-A657-19B4E970D097}.Release|Any CPU.ActiveCfg = Release|Any CPU
		{9A7DE6B2-8C4A-4047-A657-19B4E970D097}.Release|Any CPU.Build.0 = Release|Any CPU
	EndGlobalSection
	GlobalSection(SolutionProperties) = preSolution
		HideSolutionNode = FALSE
	EndGlobalSection
	GlobalSection(ExtensibilityGlobals) = postSolution
		SolutionGuid = {11D27C4F-C42F-49C4-8343-834C72371556}
	EndGlobalSection
EndGlobal
